schema: '2.0'
stages:
  data_ingestion:
    cmd: python src/cnnClassifier/pipeline/stage_01_data_ingestion.py
    deps:
    - path: config/config.yaml
      hash: md5
      md5: 72c73b78fe2b505fad2c302105f0a297
      size: 573
    - path: src/cnnClassifier/pipeline/stage_01_data_ingestion.py
      hash: md5
      md5: 80bf4498f65a358cb425ddbbb2f8683a
      size: 880
    outs:
    - path: artifacts/data_ingestion/Blood cell Cancer [ALL]
      hash: md5
      md5: 47dd86bee6aaedf80b90943ef1c40302.dir
      size: 1807890919
      nfiles: 3242
  prepare_base_model:
    cmd: python src/cnnClassifier/pipeline/stage_02_prepare_base_model.py
    deps:
    - path: config/config.yaml
      hash: md5
      md5: 72c73b78fe2b505fad2c302105f0a297
      size: 573
    - path: src/cnnClassifier/pipeline/stage_02_prepare_base_model.py
      hash: md5
      md5: 42387011620baff3ceddef0a75a30146
      size: 969
    params:
      params.yaml:
        CLASSES: 4
        IMAGE_SIZE:
        - 224
        - 224
        - 3
        INCLUDE_TOP: false
        LEARNING_RATE: 1e-05
        WEIGHTS: imagenet
    outs:
    - path: artifacts/prepare_base_model
      hash: md5
      md5: 0feecbea52c55c0340466c882ea8d905.dir
      size: 89735501
      nfiles: 2
