schema: '2.0'
stages:
  data_ingestion:
    cmd: python src/cnnClassifier/pipeline/stage_01_data_ingestion.py
    deps:
    - path: config/config.yaml
      hash: md5
      md5: 55ba9a850fba990d8be912dc5d018e6d
      size: 573
    - path: src/cnnClassifier/pipeline/stage_01_data_ingestion.py
      hash: md5
      md5: caf501a7205ba64b6d4426666570432c
      size: 908
    outs:
    - path: artifacts/data_ingestion/Blood cell Cancer [ALL]
      hash: md5
      md5: 47dd86bee6aaedf80b90943ef1c40302.dir
      size: 1807890919
      nfiles: 3242
  prepare_base_model:
    cmd: python src/cnnClassifier/pipeline/stage_02_prepare_base_model.py
    deps:
    - path: config/config.yaml
      hash: md5
      md5: 55ba9a850fba990d8be912dc5d018e6d
      size: 573
    - path: src/cnnClassifier/pipeline/stage_02_prepare_base_model.py
      hash: md5
      md5: a6e96ec27ad9e851a2cb29b752073bed
      size: 999
    params:
      params.yaml:
        CLASSES: 4
        IMAGE_SIZE:
        - 224
        - 224
        - 3
        INCLUDE_TOP: false
        LEARNING_RATE: 1e-05
        WEIGHTS: imagenet
    outs:
    - path: artifacts/prepare_base_model
      hash: md5
      md5: eb926cdc9908b90f9d1cd84ca3948526.dir
      size: 101877969
      nfiles: 10
